
Microsoft Visual Studio Solution File, Format Version 12.00
# Visual Studio Version 17
VisualStudioVersion = 17.4.33213.308
MinimumVisualStudioVersion = 10.0.40219.1
Project("{FAE04EC0-301F-11D3-BF4B-00C04F79EFBC}") = "Pham_Inventory", "Pham_Inventory\Pham_Inventory.csproj", "{1985FA26-3EC6-4E03-A8C5-12EDCEF1B876}"
EndProject
Global
	GlobalSection(SolutionConfigurationPlatforms) = preSolution
		Debug|Any CPU = Debug|Any CPU
		Release|Any CPU = Release|Any CPU
	EndGlobalSection
	GlobalSection(ProjectConfigurationPlatforms) = postSolution
		{1985FA26-3EC6-4E03-A8C5-12EDCEF1B876}.Debug|Any CPU.ActiveCfg = Debug|Any CPU
		{1985FA26-3EC6-4E03-A8C5-12EDCEF1B876}.Debug|Any CPU.Build.0 = Debug|Any CPU
		{1985FA26-3EC6-4E03-A8C5-12EDCEF1B876}.Release|Any CPU.ActiveCfg = Release|Any CPU
		{1985FA26-3EC6-4E03-A8C5-12EDCEF1B876}.Release|Any CPU.Build.0 = Release|Any CPU
	EndGlobalSection
	GlobalSection(SolutionProperties) = preSolution
		HideSolutionNode = FALSE
	EndGlobalSection
	GlobalSection(ExtensibilityGlobals) = postSolution
		SolutionGuid = {C347F8BF-5AFD-4413-AC64-621B7D8BAEAB}
	EndGlobalSection
EndGlobal
